
Microsoft Visual Studio Solution File, Format Version 12.00
# Visual Studio Version 17
VisualStudioVersion = 17.3.32922.545
MinimumVisualStudioVersion = 10.0.40219.1
Project("{FAE04EC0-301F-11D3-BF4B-00C04F79EFBC}") = "TrueAccounts", "TrueAccounts\TrueAccounts.csproj", "{EA396FB8-1A01-4302-9161-1F3FDF9E3823}"
EndProject
Global
	GlobalSection(SolutionConfigurationPlatforms) = preSolution
		Debug|Any CPU = Debug|Any CPU
		Release|Any CPU = Release|Any CPU
	EndGlobalSection
	GlobalSection(ProjectConfigurationPlatforms) = postSolution
		{EA396FB8-1A01-4302-9161-1F3FDF9E3823}.Debug|Any CPU.ActiveCfg = Debug|Any CPU
		{EA396FB8-1A01-4302-9161-1F3FDF9E3823}.Debug|Any CPU.Build.0 = Debug|Any CPU
		{EA396FB8-1A01-4302-9161-1F3FDF9E3823}.Release|Any CPU.ActiveCfg = Release|Any CPU
		{EA396FB8-1A01-4302-9161-1F3FDF9E3823}.Release|Any CPU.Build.0 = Release|Any CPU
	EndGlobalSection
	GlobalSection(SolutionProperties) = preSolution
		HideSolutionNode = FALSE
	EndGlobalSection
	GlobalSection(ExtensibilityGlobals) = postSolution
		SolutionGuid = {9F886F3B-3B6F-49EC-A00F-F2E77EF29197}
	EndGlobalSection
EndGlobal
